{
  "version": 4,
  "terraform_version": "1.5.4",
  "serial": 1,
  "lineage": "a90e3ad8-f5f4-497d-79d3-340fa7cbb39f",
  "outputs": {},
  "resources": [
    {
      "mode": "managed",
      "type": "aws_vpc",
      "name": "vpc1",
      "provider": "provider[\"registry.terraform.io/hashicorp/aws\"]",
      "instances": [
        {
          "schema_version": 1,
          "attributes": {
            "arn": "arn:aws:ec2:eu-central-1:750212154752:vpc/vpc-05331894dfd7a7032",
            "assign_generated_ipv6_cidr_block": false,
            "cidr_block": "10.29.0.0/16",
            "default_network_acl_id": "acl-0014e4345aa03e60f",
            "default_route_table_id": "rtb-0f2548b3f2967c927",
            "default_security_group_id": "sg-08d583462c8e40111",
            "dhcp_options_id": "dopt-0b30c9e1b627143d2",
            "enable_dns_hostnames": true,
            "enable_dns_support": true,
            "enable_network_address_usage_metrics": false,
            "id": "vpc-05331894dfd7a7032",
            "instance_tenancy": "default",
            "ipv4_ipam_pool_id": null,
            "ipv4_netmask_length": null,
            "ipv6_association_id": "",
            "ipv6_cidr_block": "",
            "ipv6_cidr_block_network_border_group": "",
            "ipv6_ipam_pool_id": "",
            "ipv6_netmask_length": 0,
            "main_route_table_id": "rtb-0f2548b3f2967c927",
            "owner_id": "750212154752",
            "tags": {
              "Name": "VPC8"
            },
            "tags_all": {
              "Name": "VPC8"
            }
          },
          "sensitive_attributes": [],
          "private": "eyJzY2hlbWFfdmVyc2lvbiI6IjEifQ=="
        }
      ]
    }
  ],
  "check_results": null
}
